
Microsoft Visual Studio Solution File, Format Version 12.00
# Visual Studio Version 17
VisualStudioVersion = 17.0.31903.59
MinimumVisualStudioVersion = 10.0.40219.1
Project("{FAE04EC0-301F-11D3-BF4B-00C04F79EFBC}") = "DDDPratica.Catalogo.Domain", "src\Services\Catalogo\DDDPratica.Catalogo.Domain\DDDPratica.Catalogo.Domain.csproj", "{6F195F22-A7B9-413B-8141-1B9DD34974D8}"
EndProject
Project("{FAE04EC0-301F-11D3-BF4B-00C04F79EFBC}") = "DDDPratica.Core", "src\Services\Core\DDDPratica.Core\DDDPratica.Core.csproj", "{F9AEF6AF-8BB2-4EB6-BC1C-639B8290CA92}"
EndProject
Project("{2150E333-8FDC-42A3-9474-1A3956D46DE8}") = "Services", "Services", "{AB14B8C2-3ACB-4B84-AE70-29431E9472DD}"
EndProject
Project("{2150E333-8FDC-42A3-9474-1A3956D46DE8}") = "Catalogo", "Catalogo", "{4E1F7BAA-3D62-4F6E-9415-A5424093A5DB}"
EndProject
Project("{2150E333-8FDC-42A3-9474-1A3956D46DE8}") = "Core", "Core", "{9B6CC4E4-9277-4A42-9283-4FB0647DB2FA}"
EndProject
Project("{2150E333-8FDC-42A3-9474-1A3956D46DE8}") = "Tests", "Tests", "{1A3EA528-48A0-4B13-9716-5FB5DC0BED5E}"
EndProject
Project("{FAE04EC0-301F-11D3-BF4B-00C04F79EFBC}") = "DDDPratica.Catalogo.Domain.Tests", "tests\DDDPratica.Catalogo.Domain.Tests\DDDPratica.Catalogo.Domain.Tests.csproj", "{D655EC66-10F1-41C6-B3BB-AC9F193E6DBB}"
EndProject
Project("{FAE04EC0-301F-11D3-BF4B-00C04F79EFBC}") = "DDDPratica.Catalogo.Infrastructure", "src\Services\Catalogo\DDDPratica.Catalogo.Infrastructure\DDDPratica.Catalogo.Infrastructure.csproj", "{EF3F3C5E-9FF4-4A12-941A-37DE1ECA209C}"
EndProject
Project("{FAE04EC0-301F-11D3-BF4B-00C04F79EFBC}") = "DDDPratica.Catalogo.Application", "src\Services\Catalogo\DDDPratica.Catalogo.Application\DDDPratica.Catalogo.Application.csproj", "{BEAE2606-C4A3-4419-AD25-9387747FA1F8}"
EndProject
Project("{2150E333-8FDC-42A3-9474-1A3956D46DE8}") = "Vendas", "Vendas", "{0D869213-9455-4807-9496-286B2D45CBE3}"
EndProject
Project("{FAE04EC0-301F-11D3-BF4B-00C04F79EFBC}") = "DDDPratica.Vendas.Domain", "src\Services\Vendas\DDDPratica.Vendas.Domain\DDDPratica.Vendas.Domain.csproj", "{74C785BF-3E1A-47DF-9F76-BD359DCEEE14}"
EndProject
Project("{FAE04EC0-301F-11D3-BF4B-00C04F79EFBC}") = "DDDPratica.Vendas.Application", "src\Services\Vendas\DDDPratica.Vendas.Application\DDDPratica.Vendas.Application.csproj", "{37B4AC56-1A13-4679-893D-D9B169E3A89B}"
EndProject
Project("{2150E333-8FDC-42A3-9474-1A3956D46DE8}") = "WebApps", "WebApps", "{310503C5-AD3D-4E23-B11F-56950BFA73CB}"
EndProject
Project("{FAE04EC0-301F-11D3-BF4B-00C04F79EFBC}") = "DDDPratica.WebApps.MVC", "src\WebApps\DDDPratica.WebApps.MVC\DDDPratica.WebApps.MVC.csproj", "{0EFCF308-8276-4F37-8C00-BD0B561C64FA}"
EndProject
Global
	GlobalSection(SolutionConfigurationPlatforms) = preSolution
		Debug|Any CPU = Debug|Any CPU
		Release|Any CPU = Release|Any CPU
	EndGlobalSection
	GlobalSection(SolutionProperties) = preSolution
		HideSolutionNode = FALSE
	EndGlobalSection
	GlobalSection(ProjectConfigurationPlatforms) = postSolution
		{6F195F22-A7B9-413B-8141-1B9DD34974D8}.Debug|Any CPU.ActiveCfg = Debug|Any CPU
		{6F195F22-A7B9-413B-8141-1B9DD34974D8}.Debug|Any CPU.Build.0 = Debug|Any CPU
		{6F195F22-A7B9-413B-8141-1B9DD34974D8}.Release|Any CPU.ActiveCfg = Release|Any CPU
		{6F195F22-A7B9-413B-8141-1B9DD34974D8}.Release|Any CPU.Build.0 = Release|Any CPU
		{F9AEF6AF-8BB2-4EB6-BC1C-639B8290CA92}.Debug|Any CPU.ActiveCfg = Debug|Any CPU
		{F9AEF6AF-8BB2-4EB6-BC1C-639B8290CA92}.Debug|Any CPU.Build.0 = Debug|Any CPU
		{F9AEF6AF-8BB2-4EB6-BC1C-639B8290CA92}.Release|Any CPU.ActiveCfg = Release|Any CPU
		{F9AEF6AF-8BB2-4EB6-BC1C-639B8290CA92}.Release|Any CPU.Build.0 = Release|Any CPU
		{D655EC66-10F1-41C6-B3BB-AC9F193E6DBB}.Debug|Any CPU.ActiveCfg = Debug|Any CPU
		{D655EC66-10F1-41C6-B3BB-AC9F193E6DBB}.Debug|Any CPU.Build.0 = Debug|Any CPU
		{D655EC66-10F1-41C6-B3BB-AC9F193E6DBB}.Release|Any CPU.ActiveCfg = Release|Any CPU
		{D655EC66-10F1-41C6-B3BB-AC9F193E6DBB}.Release|Any CPU.Build.0 = Release|Any CPU
		{EF3F3C5E-9FF4-4A12-941A-37DE1ECA209C}.Debug|Any CPU.ActiveCfg = Debug|Any CPU
		{EF3F3C5E-9FF4-4A12-941A-37DE1ECA209C}.Debug|Any CPU.Build.0 = Debug|Any CPU
		{EF3F3C5E-9FF4-4A12-941A-37DE1ECA209C}.Release|Any CPU.ActiveCfg = Release|Any CPU
		{EF3F3C5E-9FF4-4A12-941A-37DE1ECA209C}.Release|Any CPU.Build.0 = Release|Any CPU
		{EF09CF80-B368-49E0-80F2-6B2BF49AAFA0}.Debug|Any CPU.ActiveCfg = Debug|Any CPU
		{EF09CF80-B368-49E0-80F2-6B2BF49AAFA0}.Debug|Any CPU.Build.0 = Debug|Any CPU
		{EF09CF80-B368-49E0-80F2-6B2BF49AAFA0}.Release|Any CPU.ActiveCfg = Release|Any CPU
		{EF09CF80-B368-49E0-80F2-6B2BF49AAFA0}.Release|Any CPU.Build.0 = Release|Any CPU
		{F94CCA26-FB37-4490-B8D3-D43E0ED450D8}.Debug|Any CPU.ActiveCfg = Debug|Any CPU
		{F94CCA26-FB37-4490-B8D3-D43E0ED450D8}.Debug|Any CPU.Build.0 = Debug|Any CPU
		{F94CCA26-FB37-4490-B8D3-D43E0ED450D8}.Release|Any CPU.ActiveCfg = Release|Any CPU
		{F94CCA26-FB37-4490-B8D3-D43E0ED450D8}.Release|Any CPU.Build.0 = Release|Any CPU
		{BEAE2606-C4A3-4419-AD25-9387747FA1F8}.Debug|Any CPU.ActiveCfg = Debug|Any CPU
		{BEAE2606-C4A3-4419-AD25-9387747FA1F8}.Debug|Any CPU.Build.0 = Debug|Any CPU
		{BEAE2606-C4A3-4419-AD25-9387747FA1F8}.Release|Any CPU.ActiveCfg = Release|Any CPU
		{BEAE2606-C4A3-4419-AD25-9387747FA1F8}.Release|Any CPU.Build.0 = Release|Any CPU
		{74C785BF-3E1A-47DF-9F76-BD359DCEEE14}.Debug|Any CPU.ActiveCfg = Debug|Any CPU
		{74C785BF-3E1A-47DF-9F76-BD359DCEEE14}.Debug|Any CPU.Build.0 = Debug|Any CPU
		{74C785BF-3E1A-47DF-9F76-BD359DCEEE14}.Release|Any CPU.ActiveCfg = Release|Any CPU
		{74C785BF-3E1A-47DF-9F76-BD359DCEEE14}.Release|Any CPU.Build.0 = Release|Any CPU
		{37B4AC56-1A13-4679-893D-D9B169E3A89B}.Debug|Any CPU.ActiveCfg = Debug|Any CPU
		{37B4AC56-1A13-4679-893D-D9B169E3A89B}.Debug|Any CPU.Build.0 = Debug|Any CPU
		{37B4AC56-1A13-4679-893D-D9B169E3A89B}.Release|Any CPU.ActiveCfg = Release|Any CPU
		{37B4AC56-1A13-4679-893D-D9B169E3A89B}.Release|Any CPU.Build.0 = Release|Any CPU
		{0EFCF308-8276-4F37-8C00-BD0B561C64FA}.Debug|Any CPU.ActiveCfg = Debug|Any CPU
		{0EFCF308-8276-4F37-8C00-BD0B561C64FA}.Debug|Any CPU.Build.0 = Debug|Any CPU
		{0EFCF308-8276-4F37-8C00-BD0B561C64FA}.Release|Any CPU.ActiveCfg = Release|Any CPU
		{0EFCF308-8276-4F37-8C00-BD0B561C64FA}.Release|Any CPU.Build.0 = Release|Any CPU
	EndGlobalSection
	GlobalSection(NestedProjects) = preSolution
		{4E1F7BAA-3D62-4F6E-9415-A5424093A5DB} = {AB14B8C2-3ACB-4B84-AE70-29431E9472DD}
		{6F195F22-A7B9-413B-8141-1B9DD34974D8} = {4E1F7BAA-3D62-4F6E-9415-A5424093A5DB}
		{9B6CC4E4-9277-4A42-9283-4FB0647DB2FA} = {AB14B8C2-3ACB-4B84-AE70-29431E9472DD}
		{F9AEF6AF-8BB2-4EB6-BC1C-639B8290CA92} = {9B6CC4E4-9277-4A42-9283-4FB0647DB2FA}
		{1A3EA528-48A0-4B13-9716-5FB5DC0BED5E} = {4E1F7BAA-3D62-4F6E-9415-A5424093A5DB}
		{D655EC66-10F1-41C6-B3BB-AC9F193E6DBB} = {1A3EA528-48A0-4B13-9716-5FB5DC0BED5E}
		{EF3F3C5E-9FF4-4A12-941A-37DE1ECA209C} = {4E1F7BAA-3D62-4F6E-9415-A5424093A5DB}
		{B5338613-58FB-440A-8BAB-EE0B66B8B6FA} = {EA2AE270-22C7-4D0A-9C6D-10F74BCD4D15}
		{06595A88-6537-454B-B78B-D8BF47F6FC77} = {B5338613-58FB-440A-8BAB-EE0B66B8B6FA}
		{EF09CF80-B368-49E0-80F2-6B2BF49AAFA0} = {06595A88-6537-454B-B78B-D8BF47F6FC77}
		{F94CCA26-FB37-4490-B8D3-D43E0ED450D8} = {4E1F7BAA-3D62-4F6E-9415-A5424093A5DB}
		{BEAE2606-C4A3-4419-AD25-9387747FA1F8} = {4E1F7BAA-3D62-4F6E-9415-A5424093A5DB}
		{0D869213-9455-4807-9496-286B2D45CBE3} = {AB14B8C2-3ACB-4B84-AE70-29431E9472DD}
		{74C785BF-3E1A-47DF-9F76-BD359DCEEE14} = {0D869213-9455-4807-9496-286B2D45CBE3}
		{37B4AC56-1A13-4679-893D-D9B169E3A89B} = {0D869213-9455-4807-9496-286B2D45CBE3}
		{0EFCF308-8276-4F37-8C00-BD0B561C64FA} = {310503C5-AD3D-4E23-B11F-56950BFA73CB}
	EndGlobalSection
EndGlobal
